
Microsoft Visual Studio Solution File, Format Version 12.00
# Visual Studio Version 17
VisualStudioVersion = 17.0.31903.59
MinimumVisualStudioVersion = 10.0.40219.1
Project("{9A19103F-16F7-4668-BE54-9A1E7A4F7556}") = "API", "API\API.csproj", "{8E8B2FD6-553A-43FE-ABCB-0F1C4748AA25}"
EndProject
Project("{9A19103F-16F7-4668-BE54-9A1E7A4F7556}") = "Application", "Application\Application.csproj", "{4167914F-C572-4345-B192-7F6B042E3107}"
EndProject
Project("{9A19103F-16F7-4668-BE54-9A1E7A4F7556}") = "Domain", "Domain\Domain.csproj", "{718B01D8-981C-4EE7-B20F-647DB0A98148}"
EndProject
Project("{9A19103F-16F7-4668-BE54-9A1E7A4F7556}") = "Persistence", "Persistence\Persistence.csproj", "{4E054CA2-96CE-46A5-8C77-0088946A2B00}"
EndProject
Project("{9A19103F-16F7-4668-BE54-9A1E7A4F7556}") = "API.Test", "API.Test\API.Test.csproj", "{4C57CEDD-56B3-4917-8234-A6A222FC3086}"
EndProject
Global
	GlobalSection(SolutionConfigurationPlatforms) = preSolution
		Debug|Any CPU = Debug|Any CPU
		Release|Any CPU = Release|Any CPU
	EndGlobalSection
	GlobalSection(ProjectConfigurationPlatforms) = postSolution
		{8E8B2FD6-553A-43FE-ABCB-0F1C4748AA25}.Debug|Any CPU.ActiveCfg = Debug|Any CPU
		{8E8B2FD6-553A-43FE-ABCB-0F1C4748AA25}.Debug|Any CPU.Build.0 = Debug|Any CPU
		{8E8B2FD6-553A-43FE-ABCB-0F1C4748AA25}.Release|Any CPU.ActiveCfg = Release|Any CPU
		{8E8B2FD6-553A-43FE-ABCB-0F1C4748AA25}.Release|Any CPU.Build.0 = Release|Any CPU
		{4167914F-C572-4345-B192-7F6B042E3107}.Debug|Any CPU.ActiveCfg = Debug|Any CPU
		{4167914F-C572-4345-B192-7F6B042E3107}.Debug|Any CPU.Build.0 = Debug|Any CPU
		{4167914F-C572-4345-B192-7F6B042E3107}.Release|Any CPU.ActiveCfg = Release|Any CPU
		{4167914F-C572-4345-B192-7F6B042E3107}.Release|Any CPU.Build.0 = Release|Any CPU
		{718B01D8-981C-4EE7-B20F-647DB0A98148}.Debug|Any CPU.ActiveCfg = Debug|Any CPU
		{718B01D8-981C-4EE7-B20F-647DB0A98148}.Debug|Any CPU.Build.0 = Debug|Any CPU
		{718B01D8-981C-4EE7-B20F-647DB0A98148}.Release|Any CPU.ActiveCfg = Release|Any CPU
		{718B01D8-981C-4EE7-B20F-647DB0A98148}.Release|Any CPU.Build.0 = Release|Any CPU
		{4E054CA2-96CE-46A5-8C77-0088946A2B00}.Debug|Any CPU.ActiveCfg = Debug|Any CPU
		{4E054CA2-96CE-46A5-8C77-0088946A2B00}.Debug|Any CPU.Build.0 = Debug|Any CPU
		{4E054CA2-96CE-46A5-8C77-0088946A2B00}.Release|Any CPU.ActiveCfg = Release|Any CPU
		{4E054CA2-96CE-46A5-8C77-0088946A2B00}.Release|Any CPU.Build.0 = Release|Any CPU
		{4C57CEDD-56B3-4917-8234-A6A222FC3086}.Debug|Any CPU.ActiveCfg = Debug|Any CPU
		{4C57CEDD-56B3-4917-8234-A6A222FC3086}.Debug|Any CPU.Build.0 = Debug|Any CPU
		{4C57CEDD-56B3-4917-8234-A6A222FC3086}.Release|Any CPU.ActiveCfg = Release|Any CPU
		{4C57CEDD-56B3-4917-8234-A6A222FC3086}.Release|Any CPU.Build.0 = Release|Any CPU
	EndGlobalSection
	GlobalSection(SolutionProperties) = preSolution
		HideSolutionNode = FALSE
	EndGlobalSection
EndGlobal
